
Microsoft Visual Studio Solution File, Format Version 12.00
# Visual Studio Version 16
VisualStudioVersion = 16.0.29519.87
MinimumVisualStudioVersion = 10.0.40219.1
Project("{9A19103F-16F7-4668-BE54-9A1E7A4F7556}") = "CleemyWebApi", "CleemyWebApi\CleemyWebApi.csproj", "{95DD8838-276A-4FB2-8D95-C045A6405759}"
EndProject
Project("{FAE04EC0-301F-11D3-BF4B-00C04F79EFBC}") = "CleemyDAL", "CleemyDAL\CleemyDAL.csproj", "{9BDFB2CC-E9FA-474A-BD54-81CC1BC92867}"
EndProject
Project("{FAE04EC0-301F-11D3-BF4B-00C04F79EFBC}") = "CleemyUnitTests", "CleemyUnitTests\CleemyUnitTests.csproj", "{5FFEA806-5EF1-4559-A5BE-504F7644E147}"
EndProject
Global
	GlobalSection(SolutionConfigurationPlatforms) = preSolution
		Debug|Any CPU = Debug|Any CPU
		Release|Any CPU = Release|Any CPU
	EndGlobalSection
	GlobalSection(ProjectConfigurationPlatforms) = postSolution
		{95DD8838-276A-4FB2-8D95-C045A6405759}.Debug|Any CPU.ActiveCfg = Debug|Any CPU
		{95DD8838-276A-4FB2-8D95-C045A6405759}.Debug|Any CPU.Build.0 = Debug|Any CPU
		{95DD8838-276A-4FB2-8D95-C045A6405759}.Release|Any CPU.ActiveCfg = Release|Any CPU
		{95DD8838-276A-4FB2-8D95-C045A6405759}.Release|Any CPU.Build.0 = Release|Any CPU
		{9BDFB2CC-E9FA-474A-BD54-81CC1BC92867}.Debug|Any CPU.ActiveCfg = Debug|Any CPU
		{9BDFB2CC-E9FA-474A-BD54-81CC1BC92867}.Debug|Any CPU.Build.0 = Debug|Any CPU
		{9BDFB2CC-E9FA-474A-BD54-81CC1BC92867}.Release|Any CPU.ActiveCfg = Release|Any CPU
		{9BDFB2CC-E9FA-474A-BD54-81CC1BC92867}.Release|Any CPU.Build.0 = Release|Any CPU
		{5FFEA806-5EF1-4559-A5BE-504F7644E147}.Debug|Any CPU.ActiveCfg = Debug|Any CPU
		{5FFEA806-5EF1-4559-A5BE-504F7644E147}.Debug|Any CPU.Build.0 = Debug|Any CPU
		{5FFEA806-5EF1-4559-A5BE-504F7644E147}.Release|Any CPU.ActiveCfg = Release|Any CPU
		{5FFEA806-5EF1-4559-A5BE-504F7644E147}.Release|Any CPU.Build.0 = Release|Any CPU
	EndGlobalSection
	GlobalSection(SolutionProperties) = preSolution
		HideSolutionNode = FALSE
	EndGlobalSection
	GlobalSection(ExtensibilityGlobals) = postSolution
		SolutionGuid = {C304B095-9606-44F6-8F18-14A93B655CC8}
	EndGlobalSection
EndGlobal
